PODS:
  - Flutter (1.0.0)
  - upgrade_util (2.3.4):
    - Flutter

DEPENDENCIES:
  - Flutter (from `Flutter`)
  - upgrade_util (from `.symlinks/plugins/upgrade_util/ios`)

EXTERNAL SOURCES:
  Flutter:
    :path: Flutter
  upgrade_util:
    :path: ".symlinks/plugins/upgrade_util/ios"

SPEC CHECKSUMS:
  Flutter: 50d75fe2f02b26cc09d224853bb45737f8b3214a
  upgrade_util: 044f31220c217e87ce1b39d65c7d081f9356b8e1

PODFILE CHECKSUM: aafe91acc616949ddb318b77800a7f51bffa2a4c

COCOAPODS: 1.11.3
