PODS:
  - Flutter (1.0.0)
  - upgrade_util (2.1.1):
    - Flutter

DEPENDENCIES:
  - Flutter (from `Flutter`)
  - upgrade_util (from `.symlinks/plugins/upgrade_util/ios`)

EXTERNAL SOURCES:
  Flutter:
    :path: Flutter
  upgrade_util:
    :path: ".symlinks/plugins/upgrade_util/ios"

SPEC CHECKSUMS:
  Flutter: 50d75fe2f02b26cc09d224853bb45737f8b3214a
  upgrade_util: 18ea19c918ca8d5b2792098ab5569855cc0a0066

PODFILE CHECKSUM: aafe91acc616949ddb318b77800a7f51bffa2a4c

COCOAPODS: 1.11.2
