PODS:
  - Flutter (1.0.0)
  - upgrade_util (0.9.0):
    - Flutter

DEPENDENCIES:
  - Flutter (from `Flutter`)
  - upgrade_util (from `.symlinks/plugins/upgrade_util/ios`)

EXTERNAL SOURCES:
  Flutter:
    :path: Flutter
  upgrade_util:
    :path: ".symlinks/plugins/upgrade_util/ios"

SPEC CHECKSUMS:
  Flutter: 0e3d915762c693b495b44d77113d4970485de6ec
  upgrade_util: dcab46e5837d7db3d158be930ae63f7f740cc5d6

PODFILE CHECKSUM: aafe91acc616949ddb318b77800a7f51bffa2a4c

COCOAPODS: 1.11.2
